{
  "name": "inspectoid",
  "version": "1.0.8",
  "lockfileVersion": 3,
  "requires": true,
  "packages": {
    "": {
      "name": "inspectoid",
      "version": "1.0.8",
      "license": "MIT",
      "workspaces": [
        "packages/*"
      ],
      "funding": {
        "type": "github",
        "url": "https://github.com/sponsors/catpea"
      }
    },
    "node_modules/bogan-css": {
      "resolved": "packages/bogan-css",
      "link": true
    },
    "node_modules/galath": {
      "resolved": "packages/galath",
      "link": true
    },
    "packages/bogan-css": {
      "version": "1.0.0",
      "license": "ISC"
    },
    "packages/galath": {
      "version": "1.0.4",
      "license": "MIT",
      "workspaces": [
        "packages/*"
      ],
      "funding": {
        "type": "github",
        "url": "https://github.com/sponsors/catpea"
      }
    }
  }
}
