{
  "name": "galath",
  "version": "1.0.4",
  "lockfileVersion": 3,
  "requires": true,
  "packages": {
    "": {
      "name": "galath",
      "version": "1.0.4",
      "license": "MIT",
      "workspaces": [
        "packages/*"
      ],
      "funding": {
        "type": "github",
        "url": "https://github.com/sponsors/catpea"
      }
    },
    "node_modules/galath-css": {
      "resolved": "packages/galath-css",
      "link": true
    },
    "packages/galath-css": {
      "version": "1.0.0",
      "license": "ISC"
    }
  }
}
